
Microsoft Visual Studio Solution File, Format Version 12.00
# Visual Studio Version 17
VisualStudioVersion = 17.6.33815.320
MinimumVisualStudioVersion = 10.0.40219.1
Project("{FAE04EC0-301F-11D3-BF4B-00C04F79EFBC}") = "MobiliCRM.API", "MobiliCRM.API\MobiliCRM.API.csproj", "{DB5199E9-4D24-41E3-99FE-E8BAF764FA32}"
EndProject
Global
	GlobalSection(SolutionConfigurationPlatforms) = preSolution
		Debug|Any CPU = Debug|Any CPU
		Release|Any CPU = Release|Any CPU
	EndGlobalSection
	GlobalSection(ProjectConfigurationPlatforms) = postSolution
		{DB5199E9-4D24-41E3-99FE-E8BAF764FA32}.Debug|Any CPU.ActiveCfg = Debug|Any CPU
		{DB5199E9-4D24-41E3-99FE-E8BAF764FA32}.Debug|Any CPU.Build.0 = Debug|Any CPU
		{DB5199E9-4D24-41E3-99FE-E8BAF764FA32}.Release|Any CPU.ActiveCfg = Release|Any CPU
		{DB5199E9-4D24-41E3-99FE-E8BAF764FA32}.Release|Any CPU.Build.0 = Release|Any CPU
	EndGlobalSection
	GlobalSection(SolutionProperties) = preSolution
		HideSolutionNode = FALSE
	EndGlobalSection
	GlobalSection(ExtensibilityGlobals) = postSolution
		SolutionGuid = {81AB5D66-4DA2-4370-9DFB-597914EA92A6}
	EndGlobalSection
EndGlobal
